
Microsoft Visual Studio Solution File, Format Version 12.00
# Visual Studio Version 17
VisualStudioVersion = 17.7.34024.191
MinimumVisualStudioVersion = 10.0.40219.1
Project("{FAE04EC0-301F-11D3-BF4B-00C04F79EFBC}") = "Leviatas.Web", "Leviatas.Web.csproj", "{899D8A67-BDAC-4128-8613-BF23174468E1}"
EndProject
Global
	GlobalSection(SolutionConfigurationPlatforms) = preSolution
		Debug|Any CPU = Debug|Any CPU
		Release|Any CPU = Release|Any CPU
	EndGlobalSection
	GlobalSection(ProjectConfigurationPlatforms) = postSolution
		{899D8A67-BDAC-4128-8613-BF23174468E1}.Debug|Any CPU.ActiveCfg = Debug|Any CPU
		{899D8A67-BDAC-4128-8613-BF23174468E1}.Debug|Any CPU.Build.0 = Debug|Any CPU
		{899D8A67-BDAC-4128-8613-BF23174468E1}.Release|Any CPU.ActiveCfg = Release|Any CPU
		{899D8A67-BDAC-4128-8613-BF23174468E1}.Release|Any CPU.Build.0 = Release|Any CPU
	EndGlobalSection
	GlobalSection(SolutionProperties) = preSolution
		HideSolutionNode = FALSE
	EndGlobalSection
	GlobalSection(ExtensibilityGlobals) = postSolution
		SolutionGuid = {AC740651-916C-4BF7-AC84-A8A68D23B38F}
	EndGlobalSection
EndGlobal
